
Microsoft Visual Studio Solution File, Format Version 12.00
# Visual Studio 15
VisualStudioVersion = 15.0.28307.421
MinimumVisualStudioVersion = 10.0.40219.1
Project("{FAE04EC0-301F-11D3-BF4B-00C04F79EFBC}") = "MongoDBService", "MongoDBService\MongoDBService.csproj", "{74F24040-0683-49FD-B6E9-3B0D20FAA4FA}"
EndProject
Global
	GlobalSection(SolutionConfigurationPlatforms) = preSolution
		Debug|Any CPU = Debug|Any CPU
		Release|Any CPU = Release|Any CPU
	EndGlobalSection
	GlobalSection(ProjectConfigurationPlatforms) = postSolution
		{74F24040-0683-49FD-B6E9-3B0D20FAA4FA}.Debug|Any CPU.ActiveCfg = Debug|Any CPU
		{74F24040-0683-49FD-B6E9-3B0D20FAA4FA}.Debug|Any CPU.Build.0 = Debug|Any CPU
		{74F24040-0683-49FD-B6E9-3B0D20FAA4FA}.Release|Any CPU.ActiveCfg = Release|Any CPU
		{74F24040-0683-49FD-B6E9-3B0D20FAA4FA}.Release|Any CPU.Build.0 = Release|Any CPU
	EndGlobalSection
	GlobalSection(SolutionProperties) = preSolution
		HideSolutionNode = FALSE
	EndGlobalSection
	GlobalSection(ExtensibilityGlobals) = postSolution
		SolutionGuid = {65CE5D48-D0DB-46F5-842F-DE695F8FB172}
	EndGlobalSection
EndGlobal
